
Microsoft Visual Studio Solution File, Format Version 12.00
# Visual Studio Version 17
VisualStudioVersion = 17.2.32519.379
MinimumVisualStudioVersion = 10.0.40219.1
Project("{FAE04EC0-301F-11D3-BF4B-00C04F79EFBC}") = "GNote", "GNote\GNote.csproj", "{1B000BCE-872F-40EB-A1A6-81DC2517887E}"
EndProject
Global
	GlobalSection(SolutionConfigurationPlatforms) = preSolution
		Debug|Any CPU = Debug|Any CPU
		Release|Any CPU = Release|Any CPU
	EndGlobalSection
	GlobalSection(ProjectConfigurationPlatforms) = postSolution
		{1B000BCE-872F-40EB-A1A6-81DC2517887E}.Debug|Any CPU.ActiveCfg = Debug|Any CPU
		{1B000BCE-872F-40EB-A1A6-81DC2517887E}.Debug|Any CPU.Build.0 = Debug|Any CPU
		{1B000BCE-872F-40EB-A1A6-81DC2517887E}.Release|Any CPU.ActiveCfg = Release|Any CPU
		{1B000BCE-872F-40EB-A1A6-81DC2517887E}.Release|Any CPU.Build.0 = Release|Any CPU
	EndGlobalSection
	GlobalSection(SolutionProperties) = preSolution
		HideSolutionNode = FALSE
	EndGlobalSection
	GlobalSection(ExtensibilityGlobals) = postSolution
		SolutionGuid = {72A35699-594F-4F93-8B47-39C626FE2E1B}
	EndGlobalSection
EndGlobal
